
Microsoft Visual Studio Solution File, Format Version 12.00
# Visual Studio 15
VisualStudioVersion = 15.0.28307.705
MinimumVisualStudioVersion = 10.0.40219.1
Project("{9A19103F-16F7-4668-BE54-9A1E7A4F7556}") = "HeatMapTests", "HeatMapTests\HeatMapTests.csproj", "{32AD05E7-77A4-4B76-BF6C-B12B91804F77}"
EndProject
Project("{9A19103F-16F7-4668-BE54-9A1E7A4F7556}") = "HeatMap", "HeatMap\HeatMap.csproj", "{A0607D26-B0E8-4E82-8CD9-674762BE1B56}"
EndProject
Global
	GlobalSection(SolutionConfigurationPlatforms) = preSolution
		Debug|Any CPU = Debug|Any CPU
		Release|Any CPU = Release|Any CPU
	EndGlobalSection
	GlobalSection(ProjectConfigurationPlatforms) = postSolution
		{32AD05E7-77A4-4B76-BF6C-B12B91804F77}.Debug|Any CPU.ActiveCfg = Debug|Any CPU
		{32AD05E7-77A4-4B76-BF6C-B12B91804F77}.Debug|Any CPU.Build.0 = Debug|Any CPU
		{32AD05E7-77A4-4B76-BF6C-B12B91804F77}.Release|Any CPU.ActiveCfg = Release|Any CPU
		{32AD05E7-77A4-4B76-BF6C-B12B91804F77}.Release|Any CPU.Build.0 = Release|Any CPU
		{A0607D26-B0E8-4E82-8CD9-674762BE1B56}.Debug|Any CPU.ActiveCfg = Debug|Any CPU
		{A0607D26-B0E8-4E82-8CD9-674762BE1B56}.Debug|Any CPU.Build.0 = Debug|Any CPU
		{A0607D26-B0E8-4E82-8CD9-674762BE1B56}.Release|Any CPU.ActiveCfg = Release|Any CPU
		{A0607D26-B0E8-4E82-8CD9-674762BE1B56}.Release|Any CPU.Build.0 = Release|Any CPU
	EndGlobalSection
	GlobalSection(SolutionProperties) = preSolution
		HideSolutionNode = FALSE
	EndGlobalSection
	GlobalSection(ExtensibilityGlobals) = postSolution
		SolutionGuid = {33BC4983-318A-4404-A8C0-8215CECD10DA}
	EndGlobalSection
EndGlobal
